
Microsoft Visual Studio Solution File, Format Version 12.00
# Visual Studio Version 17
VisualStudioVersion = 17.11.35327.3
MinimumVisualStudioVersion = 10.0.40219.1
Project("{8BC9CEB8-8B4A-11D0-8D11-00A0C91BC942}") = "Zadatak 4 021224", "Zadatak 4 021224\Zadatak 4 021224.vcxproj", "{A740EE38-EB2C-4924-B5FE-A0BD5BDC6388}"
EndProject
Global
	GlobalSection(SolutionConfigurationPlatforms) = preSolution
		Debug|x64 = Debug|x64
		Debug|x86 = Debug|x86
		Release|x64 = Release|x64
		Release|x86 = Release|x86
	EndGlobalSection
	GlobalSection(ProjectConfigurationPlatforms) = postSolution
		{A740EE38-EB2C-4924-B5FE-A0BD5BDC6388}.Debug|x64.ActiveCfg = Debug|x64
		{A740EE38-EB2C-4924-B5FE-A0BD5BDC6388}.Debug|x64.Build.0 = Debug|x64
		{A740EE38-EB2C-4924-B5FE-A0BD5BDC6388}.Debug|x86.ActiveCfg = Debug|Win32
		{A740EE38-EB2C-4924-B5FE-A0BD5BDC6388}.Debug|x86.Build.0 = Debug|Win32
		{A740EE38-EB2C-4924-B5FE-A0BD5BDC6388}.Release|x64.ActiveCfg = Release|x64
		{A740EE38-EB2C-4924-B5FE-A0BD5BDC6388}.Release|x64.Build.0 = Release|x64
		{A740EE38-EB2C-4924-B5FE-A0BD5BDC6388}.Release|x86.ActiveCfg = Release|Win32
		{A740EE38-EB2C-4924-B5FE-A0BD5BDC6388}.Release|x86.Build.0 = Release|Win32
	EndGlobalSection
	GlobalSection(SolutionProperties) = preSolution
		HideSolutionNode = FALSE
	EndGlobalSection
	GlobalSection(ExtensibilityGlobals) = postSolution
		SolutionGuid = {2BADF7BB-90CE-40E7-8F69-7D8E815BA193}
	EndGlobalSection
EndGlobal
